
Microsoft Visual Studio Solution File, Format Version 12.00
# Visual Studio Version 17
VisualStudioVersion = 17.4.33122.133
MinimumVisualStudioVersion = 10.0.40219.1
Project("{FAE04EC0-301F-11D3-BF4B-00C04F79EFBC}") = "LimeTorrentScraper", "LimeTorrentScraper\LimeTorrentScraper.csproj", "{EF8A478C-43F4-4809-AE32-BE87A13CF62F}"
EndProject
Global
	GlobalSection(SolutionConfigurationPlatforms) = preSolution
		Debug|Any CPU = Debug|Any CPU
		Release|Any CPU = Release|Any CPU
	EndGlobalSection
	GlobalSection(ProjectConfigurationPlatforms) = postSolution
		{EF8A478C-43F4-4809-AE32-BE87A13CF62F}.Debug|Any CPU.ActiveCfg = Debug|Any CPU
		{EF8A478C-43F4-4809-AE32-BE87A13CF62F}.Debug|Any CPU.Build.0 = Debug|Any CPU
		{EF8A478C-43F4-4809-AE32-BE87A13CF62F}.Release|Any CPU.ActiveCfg = Release|Any CPU
		{EF8A478C-43F4-4809-AE32-BE87A13CF62F}.Release|Any CPU.Build.0 = Release|Any CPU
	EndGlobalSection
	GlobalSection(SolutionProperties) = preSolution
		HideSolutionNode = FALSE
	EndGlobalSection
	GlobalSection(ExtensibilityGlobals) = postSolution
		SolutionGuid = {0C199F16-D1DC-4049-B758-F1A630244595}
	EndGlobalSection
EndGlobal
