
Microsoft Visual Studio Solution File, Format Version 12.00
# Visual Studio Version 17
VisualStudioVersion = 17.4.33122.133
MinimumVisualStudioVersion = 10.0.40219.1
Project("{FAE04EC0-301F-11D3-BF4B-00C04F79EFBC}") = "LimeTorrentScraper", "LimeTorrentScraper\LimeTorrentScraper.csproj", "{C2478889-A003-4731-BD41-5C19768650D5}"
EndProject
Global
	GlobalSection(SolutionConfigurationPlatforms) = preSolution
		Debug|Any CPU = Debug|Any CPU
		Release|Any CPU = Release|Any CPU
	EndGlobalSection
	GlobalSection(ProjectConfigurationPlatforms) = postSolution
		{C2478889-A003-4731-BD41-5C19768650D5}.Debug|Any CPU.ActiveCfg = Debug|Any CPU
		{C2478889-A003-4731-BD41-5C19768650D5}.Debug|Any CPU.Build.0 = Debug|Any CPU
		{C2478889-A003-4731-BD41-5C19768650D5}.Release|Any CPU.ActiveCfg = Release|Any CPU
		{C2478889-A003-4731-BD41-5C19768650D5}.Release|Any CPU.Build.0 = Release|Any CPU
	EndGlobalSection
	GlobalSection(SolutionProperties) = preSolution
		HideSolutionNode = FALSE
	EndGlobalSection
	GlobalSection(ExtensibilityGlobals) = postSolution
		SolutionGuid = {7A528ACA-1A63-4EE6-B21A-C547A3AFAA10}
	EndGlobalSection
EndGlobal
